{
  "originHash" : "4ffa67b939fea413372dccd43c245360e199b389b7fa55403653557917d1e63d",
  "pins" : [
    {
      "identity" : "swiftlintplugins",
      "kind" : "remoteSourceControl",
      "location" : "https://github.com/SimplyDanny/SwiftLintPlugins",
      "state" : {
        "revision" : "7a3d77f3dd9f91d5cea138e52c20cfceabf352de",
        "version" : "0.58.2"
      }
    }
  ],
  "version" : 3
}
